
Microsoft Visual Studio Solution File, Format Version 12.00
# Visual Studio Version 16
VisualStudioVersion = 16.0.29926.136
MinimumVisualStudioVersion = 10.0.40219.1
Project("{FAE04EC0-301F-11D3-BF4B-00C04F79EFBC}") = "Paint v0.1", "Paint v0.1\Paint v0.1.csproj", "{1F84CA46-725B-4AA4-ADA2-B82987511876}"
EndProject
Global
	GlobalSection(SolutionConfigurationPlatforms) = preSolution
		Debug|Any CPU = Debug|Any CPU
		Release|Any CPU = Release|Any CPU
	EndGlobalSection
	GlobalSection(ProjectConfigurationPlatforms) = postSolution
		{1F84CA46-725B-4AA4-ADA2-B82987511876}.Debug|Any CPU.ActiveCfg = Debug|Any CPU
		{1F84CA46-725B-4AA4-ADA2-B82987511876}.Debug|Any CPU.Build.0 = Debug|Any CPU
		{1F84CA46-725B-4AA4-ADA2-B82987511876}.Release|Any CPU.ActiveCfg = Release|Any CPU
		{1F84CA46-725B-4AA4-ADA2-B82987511876}.Release|Any CPU.Build.0 = Release|Any CPU
	EndGlobalSection
	GlobalSection(SolutionProperties) = preSolution
		HideSolutionNode = FALSE
	EndGlobalSection
	GlobalSection(ExtensibilityGlobals) = postSolution
		SolutionGuid = {BA6B895A-4605-44D5-B27F-AB71749FF7F3}
	EndGlobalSection
EndGlobal
